
Microsoft Visual Studio Solution File, Format Version 12.00
# Visual Studio Version 16
VisualStudioVersion = 16.0.30413.136
MinimumVisualStudioVersion = 10.0.40219.1
Project("{2150E333-8FDC-42A3-9474-1A3956D46DE8}") = "src", "src", "{884A3CCA-5418-47E4-A6FE-0A4E9EBAEDED}"
EndProject
Project("{2150E333-8FDC-42A3-9474-1A3956D46DE8}") = "Api", "Api", "{74408893-47E9-40C3-98BC-71548A3B9A0A}"
EndProject
Project("{2150E333-8FDC-42A3-9474-1A3956D46DE8}") = "Application", "Application", "{1B1DA482-35C4-43D5-8546-EF90FD32F8A7}"
EndProject
Project("{2150E333-8FDC-42A3-9474-1A3956D46DE8}") = "Domain", "Domain", "{A66A4592-9AE0-4BC6-BDDA-54D5F4A7484F}"
EndProject
Project("{2150E333-8FDC-42A3-9474-1A3956D46DE8}") = "Infrastructure", "Infrastructure", "{997F7A79-C7C3-40C0-B26C-59CA73BEA096}"
EndProject
Project("{9A19103F-16F7-4668-BE54-9A1E7A4F7556}") = "iHakeem.Application", "IHakeem.Application\iHakeem.Application.csproj", "{FB4F664C-3E7D-4D7B-96F5-C7768C5DC9C3}"
EndProject
Project("{2150E333-8FDC-42A3-9474-1A3956D46DE8}") = "Common", "Common", "{CF0535DC-9FD4-4DD0-9983-2F55C4E326C3}"
EndProject
Project("{9A19103F-16F7-4668-BE54-9A1E7A4F7556}") = "iHakeem.SharedKernal", "IHakeem.Common\iHakeem.SharedKernal.csproj", "{EB9E0340-C6CC-4B92-95C1-E74888D88498}"
EndProject
Project("{9A19103F-16F7-4668-BE54-9A1E7A4F7556}") = "iHakeem.Domain", "IHakeem.Domain\iHakeem.Domain.csproj", "{33AD393D-978A-4944-825F-BC96BB6CE3E5}"
EndProject
Project("{2150E333-8FDC-42A3-9474-1A3956D46DE8}") = "Database", "Database", "{B3DF15B7-6D15-4B14-B5DF-5C3229077F83}"
EndProject
Project("{9A19103F-16F7-4668-BE54-9A1E7A4F7556}") = "iHakeem.Database", "IHakeem.Database\iHakeem.Database.csproj", "{79B23F56-06B2-4518-9BEA-76E994ED9934}"
EndProject
Project("{9A19103F-16F7-4668-BE54-9A1E7A4F7556}") = "iHakeem.Api", "IHakeem.Api\iHakeem.Api.csproj", "{DD7E48FD-81AA-45D6-A3D9-DB8B7746F04F}"
EndProject
Project("{9A19103F-16F7-4668-BE54-9A1E7A4F7556}") = "iHakeem.Domain.Models", "IHakeem.Domain.Models\iHakeem.Domain.Models.csproj", "{59C10C5D-E597-44FA-ABE7-E806D50DEBF8}"
EndProject
Project("{9A19103F-16F7-4668-BE54-9A1E7A4F7556}") = "iHakeem.Infrastructure.Common", "IHakeem.Infrastructure.Common\iHakeem.Infrastructure.Common.csproj", "{76D49745-41F4-4619-AF96-D5D61172C1C6}"
EndProject
Project("{9A19103F-16F7-4668-BE54-9A1E7A4F7556}") = "iHakeem.Infrastructure.EF", "IHakeem.Infrastructure.EF\iHakeem.Infrastructure.EF.csproj", "{02E21342-964C-403B-BFE0-2CA4E87B3838}"
EndProject
Project("{9A19103F-16F7-4668-BE54-9A1E7A4F7556}") = "iHakeem.Resources", "iHakeem.Resources\iHakeem.Resources.csproj", "{1F1A6571-8728-47C4-B237-4F1D74031641}"
EndProject
Project("{9A19103F-16F7-4668-BE54-9A1E7A4F7556}") = "iHakeem.Infrastructure.Security", "iHakeem.Infrastructure.Security\iHakeem.Infrastructure.Security.csproj", "{F3392865-2D13-4B1E-B6AB-57EC13B850FC}"
EndProject
Project("{9A19103F-16F7-4668-BE54-9A1E7A4F7556}") = "iHakeem.Infrastructure.Security.Abstractions", "iHakeem.Infrastructure.Security.Abstractions\iHakeem.Infrastructure.Security.Abstractions.csproj", "{E090FFED-146A-4F04-8587-98FDE0C78372}"
EndProject
Project("{9A19103F-16F7-4668-BE54-9A1E7A4F7556}") = "iHakeem.Infrastructure.Services", "iHakeem.Infrastructure.Services\iHakeem.Infrastructure.Services.csproj", "{D7C323A3-0C96-4D2C-B1F5-0E7129524BF6}"
EndProject
Project("{9A19103F-16F7-4668-BE54-9A1E7A4F7556}") = "iHakeem.Infrastructure.FileStorage", "iHakeem.Infrastructure.FileStorage\iHakeem.Infrastructure.FileStorage.csproj", "{C3B1999A-DA74-4BEF-9B24-1E0D5DF19459}"
EndProject
Global
	GlobalSection(SolutionConfigurationPlatforms) = preSolution
		Debug|Any CPU = Debug|Any CPU
		Release|Any CPU = Release|Any CPU
	EndGlobalSection
	GlobalSection(ProjectConfigurationPlatforms) = postSolution
		{FB4F664C-3E7D-4D7B-96F5-C7768C5DC9C3}.Debug|Any CPU.ActiveCfg = Debug|Any CPU
		{FB4F664C-3E7D-4D7B-96F5-C7768C5DC9C3}.Debug|Any CPU.Build.0 = Debug|Any CPU
		{FB4F664C-3E7D-4D7B-96F5-C7768C5DC9C3}.Release|Any CPU.ActiveCfg = Release|Any CPU
		{FB4F664C-3E7D-4D7B-96F5-C7768C5DC9C3}.Release|Any CPU.Build.0 = Release|Any CPU
		{EB9E0340-C6CC-4B92-95C1-E74888D88498}.Debug|Any CPU.ActiveCfg = Debug|Any CPU
		{EB9E0340-C6CC-4B92-95C1-E74888D88498}.Debug|Any CPU.Build.0 = Debug|Any CPU
		{EB9E0340-C6CC-4B92-95C1-E74888D88498}.Release|Any CPU.ActiveCfg = Release|Any CPU
		{EB9E0340-C6CC-4B92-95C1-E74888D88498}.Release|Any CPU.Build.0 = Release|Any CPU
		{33AD393D-978A-4944-825F-BC96BB6CE3E5}.Debug|Any CPU.ActiveCfg = Debug|Any CPU
		{33AD393D-978A-4944-825F-BC96BB6CE3E5}.Debug|Any CPU.Build.0 = Debug|Any CPU
		{33AD393D-978A-4944-825F-BC96BB6CE3E5}.Release|Any CPU.ActiveCfg = Release|Any CPU
		{33AD393D-978A-4944-825F-BC96BB6CE3E5}.Release|Any CPU.Build.0 = Release|Any CPU
		{79B23F56-06B2-4518-9BEA-76E994ED9934}.Debug|Any CPU.ActiveCfg = Debug|Any CPU
		{79B23F56-06B2-4518-9BEA-76E994ED9934}.Debug|Any CPU.Build.0 = Debug|Any CPU
		{79B23F56-06B2-4518-9BEA-76E994ED9934}.Release|Any CPU.ActiveCfg = Release|Any CPU
		{79B23F56-06B2-4518-9BEA-76E994ED9934}.Release|Any CPU.Build.0 = Release|Any CPU
		{DD7E48FD-81AA-45D6-A3D9-DB8B7746F04F}.Debug|Any CPU.ActiveCfg = Debug|Any CPU
		{DD7E48FD-81AA-45D6-A3D9-DB8B7746F04F}.Debug|Any CPU.Build.0 = Debug|Any CPU
		{DD7E48FD-81AA-45D6-A3D9-DB8B7746F04F}.Release|Any CPU.ActiveCfg = Release|Any CPU
		{DD7E48FD-81AA-45D6-A3D9-DB8B7746F04F}.Release|Any CPU.Build.0 = Release|Any CPU
		{59C10C5D-E597-44FA-ABE7-E806D50DEBF8}.Debug|Any CPU.ActiveCfg = Debug|Any CPU
		{59C10C5D-E597-44FA-ABE7-E806D50DEBF8}.Debug|Any CPU.Build.0 = Debug|Any CPU
		{59C10C5D-E597-44FA-ABE7-E806D50DEBF8}.Release|Any CPU.ActiveCfg = Release|Any CPU
		{59C10C5D-E597-44FA-ABE7-E806D50DEBF8}.Release|Any CPU.Build.0 = Release|Any CPU
		{76D49745-41F4-4619-AF96-D5D61172C1C6}.Debug|Any CPU.ActiveCfg = Debug|Any CPU
		{76D49745-41F4-4619-AF96-D5D61172C1C6}.Debug|Any CPU.Build.0 = Debug|Any CPU
		{76D49745-41F4-4619-AF96-D5D61172C1C6}.Release|Any CPU.ActiveCfg = Release|Any CPU
		{76D49745-41F4-4619-AF96-D5D61172C1C6}.Release|Any CPU.Build.0 = Release|Any CPU
		{02E21342-964C-403B-BFE0-2CA4E87B3838}.Debug|Any CPU.ActiveCfg = Debug|Any CPU
		{02E21342-964C-403B-BFE0-2CA4E87B3838}.Debug|Any CPU.Build.0 = Debug|Any CPU
		{02E21342-964C-403B-BFE0-2CA4E87B3838}.Release|Any CPU.ActiveCfg = Release|Any CPU
		{02E21342-964C-403B-BFE0-2CA4E87B3838}.Release|Any CPU.Build.0 = Release|Any CPU
		{1F1A6571-8728-47C4-B237-4F1D74031641}.Debug|Any CPU.ActiveCfg = Debug|Any CPU
		{1F1A6571-8728-47C4-B237-4F1D74031641}.Debug|Any CPU.Build.0 = Debug|Any CPU
		{1F1A6571-8728-47C4-B237-4F1D74031641}.Release|Any CPU.ActiveCfg = Release|Any CPU
		{1F1A6571-8728-47C4-B237-4F1D74031641}.Release|Any CPU.Build.0 = Release|Any CPU
		{F3392865-2D13-4B1E-B6AB-57EC13B850FC}.Debug|Any CPU.ActiveCfg = Debug|Any CPU
		{F3392865-2D13-4B1E-B6AB-57EC13B850FC}.Debug|Any CPU.Build.0 = Debug|Any CPU
		{F3392865-2D13-4B1E-B6AB-57EC13B850FC}.Release|Any CPU.ActiveCfg = Release|Any CPU
		{F3392865-2D13-4B1E-B6AB-57EC13B850FC}.Release|Any CPU.Build.0 = Release|Any CPU
		{E090FFED-146A-4F04-8587-98FDE0C78372}.Debug|Any CPU.ActiveCfg = Debug|Any CPU
		{E090FFED-146A-4F04-8587-98FDE0C78372}.Debug|Any CPU.Build.0 = Debug|Any CPU
		{E090FFED-146A-4F04-8587-98FDE0C78372}.Release|Any CPU.ActiveCfg = Release|Any CPU
		{E090FFED-146A-4F04-8587-98FDE0C78372}.Release|Any CPU.Build.0 = Release|Any CPU
		{D7C323A3-0C96-4D2C-B1F5-0E7129524BF6}.Debug|Any CPU.ActiveCfg = Debug|Any CPU
		{D7C323A3-0C96-4D2C-B1F5-0E7129524BF6}.Debug|Any CPU.Build.0 = Debug|Any CPU
		{D7C323A3-0C96-4D2C-B1F5-0E7129524BF6}.Release|Any CPU.ActiveCfg = Release|Any CPU
		{D7C323A3-0C96-4D2C-B1F5-0E7129524BF6}.Release|Any CPU.Build.0 = Release|Any CPU
		{C3B1999A-DA74-4BEF-9B24-1E0D5DF19459}.Debug|Any CPU.ActiveCfg = Debug|Any CPU
		{C3B1999A-DA74-4BEF-9B24-1E0D5DF19459}.Debug|Any CPU.Build.0 = Debug|Any CPU
		{C3B1999A-DA74-4BEF-9B24-1E0D5DF19459}.Release|Any CPU.ActiveCfg = Release|Any CPU
		{C3B1999A-DA74-4BEF-9B24-1E0D5DF19459}.Release|Any CPU.Build.0 = Release|Any CPU
	EndGlobalSection
	GlobalSection(SolutionProperties) = preSolution
		HideSolutionNode = FALSE
	EndGlobalSection
	GlobalSection(NestedProjects) = preSolution
		{74408893-47E9-40C3-98BC-71548A3B9A0A} = {884A3CCA-5418-47E4-A6FE-0A4E9EBAEDED}
		{1B1DA482-35C4-43D5-8546-EF90FD32F8A7} = {884A3CCA-5418-47E4-A6FE-0A4E9EBAEDED}
		{A66A4592-9AE0-4BC6-BDDA-54D5F4A7484F} = {884A3CCA-5418-47E4-A6FE-0A4E9EBAEDED}
		{997F7A79-C7C3-40C0-B26C-59CA73BEA096} = {884A3CCA-5418-47E4-A6FE-0A4E9EBAEDED}
		{FB4F664C-3E7D-4D7B-96F5-C7768C5DC9C3} = {1B1DA482-35C4-43D5-8546-EF90FD32F8A7}
		{CF0535DC-9FD4-4DD0-9983-2F55C4E326C3} = {884A3CCA-5418-47E4-A6FE-0A4E9EBAEDED}
		{EB9E0340-C6CC-4B92-95C1-E74888D88498} = {CF0535DC-9FD4-4DD0-9983-2F55C4E326C3}
		{33AD393D-978A-4944-825F-BC96BB6CE3E5} = {A66A4592-9AE0-4BC6-BDDA-54D5F4A7484F}
		{B3DF15B7-6D15-4B14-B5DF-5C3229077F83} = {884A3CCA-5418-47E4-A6FE-0A4E9EBAEDED}
		{79B23F56-06B2-4518-9BEA-76E994ED9934} = {B3DF15B7-6D15-4B14-B5DF-5C3229077F83}
		{DD7E48FD-81AA-45D6-A3D9-DB8B7746F04F} = {74408893-47E9-40C3-98BC-71548A3B9A0A}
		{59C10C5D-E597-44FA-ABE7-E806D50DEBF8} = {A66A4592-9AE0-4BC6-BDDA-54D5F4A7484F}
		{76D49745-41F4-4619-AF96-D5D61172C1C6} = {997F7A79-C7C3-40C0-B26C-59CA73BEA096}
		{02E21342-964C-403B-BFE0-2CA4E87B3838} = {997F7A79-C7C3-40C0-B26C-59CA73BEA096}
		{1F1A6571-8728-47C4-B237-4F1D74031641} = {CF0535DC-9FD4-4DD0-9983-2F55C4E326C3}
		{F3392865-2D13-4B1E-B6AB-57EC13B850FC} = {997F7A79-C7C3-40C0-B26C-59CA73BEA096}
		{E090FFED-146A-4F04-8587-98FDE0C78372} = {997F7A79-C7C3-40C0-B26C-59CA73BEA096}
		{D7C323A3-0C96-4D2C-B1F5-0E7129524BF6} = {997F7A79-C7C3-40C0-B26C-59CA73BEA096}
		{C3B1999A-DA74-4BEF-9B24-1E0D5DF19459} = {997F7A79-C7C3-40C0-B26C-59CA73BEA096}
	EndGlobalSection
	GlobalSection(ExtensibilityGlobals) = postSolution
		SolutionGuid = {C3148C59-9B2C-4186-830F-1AEE84F05A46}
	EndGlobalSection
EndGlobal
